
Microsoft Visual Studio Solution File, Format Version 12.00
# Visual Studio Version 17
VisualStudioVersion = 17.2.32602.215
MinimumVisualStudioVersion = 10.0.40219.1
Project("{FAE04EC0-301F-11D3-BF4B-00C04F79EFBC}") = "HashTable", "HashTable\HashTable.csproj", "{2D494D0B-9110-413A-91C0-3C3EC069B9FA}"
EndProject
Global
	GlobalSection(SolutionConfigurationPlatforms) = preSolution
		Debug|Any CPU = Debug|Any CPU
		Release|Any CPU = Release|Any CPU
	EndGlobalSection
	GlobalSection(ProjectConfigurationPlatforms) = postSolution
		{2D494D0B-9110-413A-91C0-3C3EC069B9FA}.Debug|Any CPU.ActiveCfg = Debug|Any CPU
		{2D494D0B-9110-413A-91C0-3C3EC069B9FA}.Debug|Any CPU.Build.0 = Debug|Any CPU
		{2D494D0B-9110-413A-91C0-3C3EC069B9FA}.Release|Any CPU.ActiveCfg = Release|Any CPU
		{2D494D0B-9110-413A-91C0-3C3EC069B9FA}.Release|Any CPU.Build.0 = Release|Any CPU
	EndGlobalSection
	GlobalSection(SolutionProperties) = preSolution
		HideSolutionNode = FALSE
	EndGlobalSection
	GlobalSection(ExtensibilityGlobals) = postSolution
		SolutionGuid = {B99CD4B8-65C8-45E9-8848-2A1CA8FF7DEE}
	EndGlobalSection
EndGlobal
